
Microsoft Visual Studio Solution File, Format Version 12.00
# Visual Studio Version 17
VisualStudioVersion = 17.9.34728.123
MinimumVisualStudioVersion = 10.0.40219.1
Project("{FAE04EC0-301F-11D3-BF4B-00C04F79EFBC}") = "GAMECHARACTER01", "GAMECHARACTER01\GAMECHARACTER01.csproj", "{320CBEA9-3452-40C1-B545-D5B6A59DBC9A}"
EndProject
Global
	GlobalSection(SolutionConfigurationPlatforms) = preSolution
		Debug|Any CPU = Debug|Any CPU
		Release|Any CPU = Release|Any CPU
	EndGlobalSection
	GlobalSection(ProjectConfigurationPlatforms) = postSolution
		{320CBEA9-3452-40C1-B545-D5B6A59DBC9A}.Debug|Any CPU.ActiveCfg = Debug|Any CPU
		{320CBEA9-3452-40C1-B545-D5B6A59DBC9A}.Debug|Any CPU.Build.0 = Debug|Any CPU
		{320CBEA9-3452-40C1-B545-D5B6A59DBC9A}.Release|Any CPU.ActiveCfg = Release|Any CPU
		{320CBEA9-3452-40C1-B545-D5B6A59DBC9A}.Release|Any CPU.Build.0 = Release|Any CPU
	EndGlobalSection
	GlobalSection(SolutionProperties) = preSolution
		HideSolutionNode = FALSE
	EndGlobalSection
	GlobalSection(ExtensibilityGlobals) = postSolution
		SolutionGuid = {C7EF8709-774D-47C2-8808-AD1D8B853064}
	EndGlobalSection
EndGlobal
